Microsoft Visual Studio Solution File, Format Version 11.00
# Visual Studio 2008

Project("{9A3E4632-46CA-6973-39FB-806E651A1337}") = "GJ1", "Assembly-CSharp.csproj", "{BAC7F05A-A47F-DB62-EEEB-8B14B9533A89}"
EndProject
Global
	GlobalSection(SolutionConfigurationPlatforms) = preSolution
		Debug|Any CPU = Debug|Any CPU
		Release|Any CPU = Release|Any CPU
	EndGlobalSection
	GlobalSection(ProjectConfigurationPlatforms) = postSolution
		{BAC7F05A-A47F-DB62-EEEB-8B14B9533A89}.Debug|Any CPU.ActiveCfg = Debug|Any CPU
		{BAC7F05A-A47F-DB62-EEEB-8B14B9533A89}.Debug|Any CPU.Build.0 = Debug|Any CPU
		{BAC7F05A-A47F-DB62-EEEB-8B14B9533A89}.Release|Any CPU.ActiveCfg = Release|Any CPU
		{BAC7F05A-A47F-DB62-EEEB-8B14B9533A89}.Release|Any CPU.Build.0 = Release|Any CPU
	EndGlobalSection
	GlobalSection(SolutionProperties) = preSolution
		HideSolutionNode = FALSE
	EndGlobalSection
	GlobalSection(MonoDevelopProperties) = preSolution
		StartupItem = Assembly-CSharp.csproj
	EndGlobalSection
EndGlobal
